
Microsoft Visual Studio Solution File, Format Version 12.00
# Visual Studio Version 17
VisualStudioVersion = 17.6.33723.286
MinimumVisualStudioVersion = 10.0.40219.1
Project("{FAE04EC0-301F-11D3-BF4B-00C04F79EFBC}") = "CarOwners0506.Data", "CarOwners0506.Data\CarOwners0506.Data.csproj", "{F94C5787-5804-427B-B26B-FC4D79036398}"
EndProject
Project("{FAE04EC0-301F-11D3-BF4B-00C04F79EFBC}") = "CarOwners0506.Web", "CarOwners0506.Web\CarOwners0506.Web.csproj", "{3D7428DC-DB7D-4611-9846-F29C301738F2}"
EndProject
Global
	GlobalSection(SolutionConfigurationPlatforms) = preSolution
		Debug|Any CPU = Debug|Any CPU
		Release|Any CPU = Release|Any CPU
	EndGlobalSection
	GlobalSection(ProjectConfigurationPlatforms) = postSolution
		{F94C5787-5804-427B-B26B-FC4D79036398}.Debug|Any CPU.ActiveCfg = Debug|Any CPU
		{F94C5787-5804-427B-B26B-FC4D79036398}.Debug|Any CPU.Build.0 = Debug|Any CPU
		{F94C5787-5804-427B-B26B-FC4D79036398}.Release|Any CPU.ActiveCfg = Release|Any CPU
		{F94C5787-5804-427B-B26B-FC4D79036398}.Release|Any CPU.Build.0 = Release|Any CPU
		{3D7428DC-DB7D-4611-9846-F29C301738F2}.Debug|Any CPU.ActiveCfg = Debug|Any CPU
		{3D7428DC-DB7D-4611-9846-F29C301738F2}.Debug|Any CPU.Build.0 = Debug|Any CPU
		{3D7428DC-DB7D-4611-9846-F29C301738F2}.Release|Any CPU.ActiveCfg = Release|Any CPU
		{3D7428DC-DB7D-4611-9846-F29C301738F2}.Release|Any CPU.Build.0 = Release|Any CPU
	EndGlobalSection
	GlobalSection(SolutionProperties) = preSolution
		HideSolutionNode = FALSE
	EndGlobalSection
	GlobalSection(ExtensibilityGlobals) = postSolution
		SolutionGuid = {4B50FD7F-87C7-439D-8011-7BC60CBA24EE}
	EndGlobalSection
EndGlobal
